<?xml version="1.0" encoding="UTF-8" standalone="yes" ?>
<CodeBlocks_project_file>
	<FileVersion major="1" minor="6" />
	<Project>
		<Option title="cpu-debug" />
		<Option pch_mode="2" />
		<Option compiler="gcc" />
		<Build>
			<Target title="Debug">
				<Option output="bin/cpu-debug" prefix_auto="1" extension_auto="1" />
				<Option working_dir="" />
				<Option object_output="obj/" />
				<Option type="2" />
				<Option compiler="gcc" />
				<Compiler>
					<Add option="-g" />
				</Compiler>
			</Target>
			<Target title="Release">
				<Option output="bin/cpu-debug" prefix_auto="1" extension_auto="1" />
				<Option working_dir="" />
				<Option object_output="obj/" />
				<Option type="2" />
				<Option compiler="gcc" />
				<Compiler>
					<Add option="-O2" />
				</Compiler>
				<Linker>
					<Add option="-s" />
				</Linker>
			</Target>
		</Build>
		<ExtraCommands>
			<Add after="libres  obj/cpu-debug-res.o obj/cpu-debug-res.res" />
			<Add after="ar rcs $(TARGET_OUTPUT_FILE) obj/cpu-debug-res.o" />
		</ExtraCommands>
		<Unit filename="cpu-break.cc" />
		<Unit filename="cpu-debug-res.h" />
		<Unit filename="cpu-debug-res.rc">
			<Option compilerVar="WINDRES" />
		</Unit>
		<Unit filename="cpu-debug.cc" />
		<Unit filename="cpu-debug.h" />
		<Extensions>
			<code_completion />
			<envvars />
			<debugger />
			<lib_finder disable_auto="1" />
		</Extensions>
	</Project>
</CodeBlocks_project_file>
